
Microsoft Visual Studio Solution File, Format Version 12.00
# Visual Studio Version 17
VisualStudioVersion = 17.14.36518.9 d17.14
MinimumVisualStudioVersion = 10.0.40219.1
Project("{FAE04EC0-301F-11D3-BF4B-00C04F79EFBC}") = "ChatApplication", "ChatApplication\ChatApplication.csproj", "{4CD6AB3E-B5C8-4D60-B32C-7F2E5615C4CE}"
EndProject
Project("{FAE04EC0-301F-11D3-BF4B-00C04F79EFBC}") = "ChatApplication.Server", "ChatApplication.Server\ChatApplication.Server.csproj", "{86C56CA4-E476-4562-83A7-BDEE3C620075}"
EndProject
Project("{FAE04EC0-301F-11D3-BF4B-00C04F79EFBC}") = "ChatApplication.Business", "ChatApplication.Business\ChatApplication.Business.csproj", "{ED222264-645C-42FD-9549-003E77ABB6A3}"
EndProject
Project("{FAE04EC0-301F-11D3-BF4B-00C04F79EFBC}") = "ChatApplication.Shared", "ChatApplication.Shared\ChatApplication.Shared.csproj", "{D54DCDDC-88EB-4406-9518-317603E5F78F}"
EndProject
Project("{FAE04EC0-301F-11D3-BF4B-00C04F79EFBC}") = "ChatApplication.Data", "ChatApplication.Data\ChatApplication.Data.csproj", "{02FAE7E8-8C7A-4436-BAFE-584DFA963BF0}"
EndProject
Global
	GlobalSection(SolutionConfigurationPlatforms) = preSolution
		Debug|Any CPU = Debug|Any CPU
		Release|Any CPU = Release|Any CPU
	EndGlobalSection
	GlobalSection(ProjectConfigurationPlatforms) = postSolution
		{4CD6AB3E-B5C8-4D60-B32C-7F2E5615C4CE}.Debug|Any CPU.ActiveCfg = Debug|Any CPU
		{4CD6AB3E-B5C8-4D60-B32C-7F2E5615C4CE}.Debug|Any CPU.Build.0 = Debug|Any CPU
		{4CD6AB3E-B5C8-4D60-B32C-7F2E5615C4CE}.Release|Any CPU.ActiveCfg = Release|Any CPU
		{4CD6AB3E-B5C8-4D60-B32C-7F2E5615C4CE}.Release|Any CPU.Build.0 = Release|Any CPU
		{86C56CA4-E476-4562-83A7-BDEE3C620075}.Debug|Any CPU.ActiveCfg = Debug|Any CPU
		{86C56CA4-E476-4562-83A7-BDEE3C620075}.Debug|Any CPU.Build.0 = Debug|Any CPU
		{86C56CA4-E476-4562-83A7-BDEE3C620075}.Release|Any CPU.ActiveCfg = Release|Any CPU
		{86C56CA4-E476-4562-83A7-BDEE3C620075}.Release|Any CPU.Build.0 = Release|Any CPU
		{ED222264-645C-42FD-9549-003E77ABB6A3}.Debug|Any CPU.ActiveCfg = Debug|Any CPU
		{ED222264-645C-42FD-9549-003E77ABB6A3}.Debug|Any CPU.Build.0 = Debug|Any CPU
		{ED222264-645C-42FD-9549-003E77ABB6A3}.Release|Any CPU.ActiveCfg = Release|Any CPU
		{ED222264-645C-42FD-9549-003E77ABB6A3}.Release|Any CPU.Build.0 = Release|Any CPU
		{D54DCDDC-88EB-4406-9518-317603E5F78F}.Debug|Any CPU.ActiveCfg = Debug|Any CPU
		{D54DCDDC-88EB-4406-9518-317603E5F78F}.Debug|Any CPU.Build.0 = Debug|Any CPU
		{D54DCDDC-88EB-4406-9518-317603E5F78F}.Release|Any CPU.ActiveCfg = Release|Any CPU
		{D54DCDDC-88EB-4406-9518-317603E5F78F}.Release|Any CPU.Build.0 = Release|Any CPU
		{02FAE7E8-8C7A-4436-BAFE-584DFA963BF0}.Debug|Any CPU.ActiveCfg = Debug|Any CPU
		{02FAE7E8-8C7A-4436-BAFE-584DFA963BF0}.Debug|Any CPU.Build.0 = Debug|Any CPU
		{02FAE7E8-8C7A-4436-BAFE-584DFA963BF0}.Release|Any CPU.ActiveCfg = Release|Any CPU
		{02FAE7E8-8C7A-4436-BAFE-584DFA963BF0}.Release|Any CPU.Build.0 = Release|Any CPU
	EndGlobalSection
	GlobalSection(SolutionProperties) = preSolution
		HideSolutionNode = FALSE
	EndGlobalSection
	GlobalSection(ExtensibilityGlobals) = postSolution
		SolutionGuid = {BC095C5E-9D09-473C-A987-0EBFF926785C}
	EndGlobalSection
EndGlobal
